
Microsoft Visual Studio Solution File, Format Version 12.00
# Visual Studio Version 17
VisualStudioVersion = 17.3.32804.467
MinimumVisualStudioVersion = 10.0.40219.1
Project("{FAE04EC0-301F-11D3-BF4B-00C04F79EFBC}") = "ConsoleApp1", "ConsoleApp1\ConsoleApp1.csproj", "{507508B0-D788-4E5B-A748-E7A0EE65D1B2}"
EndProject
Global
	GlobalSection(SolutionConfigurationPlatforms) = preSolution
		Debug|Any CPU = Debug|Any CPU
		Release|Any CPU = Release|Any CPU
	EndGlobalSection
	GlobalSection(ProjectConfigurationPlatforms) = postSolution
		{507508B0-D788-4E5B-A748-E7A0EE65D1B2}.Debug|Any CPU.ActiveCfg = Debug|Any CPU
		{507508B0-D788-4E5B-A748-E7A0EE65D1B2}.Debug|Any CPU.Build.0 = Debug|Any CPU
		{507508B0-D788-4E5B-A748-E7A0EE65D1B2}.Release|Any CPU.ActiveCfg = Release|Any CPU
		{507508B0-D788-4E5B-A748-E7A0EE65D1B2}.Release|Any CPU.Build.0 = Release|Any CPU
	EndGlobalSection
	GlobalSection(SolutionProperties) = preSolution
		HideSolutionNode = FALSE
	EndGlobalSection
	GlobalSection(ExtensibilityGlobals) = postSolution
		SolutionGuid = {02A82C50-A256-4707-9CF0-241B883F6C34}
	EndGlobalSection
EndGlobal
